schema: '2.0'
stages:
  get_data:
    cmd: python src/stage_01_get_data.py --config=configs/config.yaml
    deps:
    - path: configs/config.yaml
      md5: 7bc3240212a4e59bda81f253010d2851
      size: 500
    - path: src/stage_01_get_data.py
      md5: 4ed196fafd444211b8f626fcaba2407d
      size: 1616
    - path: src/utils/common.py
      md5: 1ebe46c5c117439435e5cb191541f7a6
      size: 2001
    outs:
    - path: data1/cat
      md5: f0e056cad87aa32c3b615ea618c1f10f.dir
      size: 4028961
      nfiles: 145
    - path: data1/dog
      md5: 6881310a14d3991859390d36b84a86e0.dir
      size: 4390308
      nfiles: 121
